
Microsoft Visual Studio Solution File, Format Version 12.00
# Visual Studio Version 16
VisualStudioVersion = 16.0.30413.136
MinimumVisualStudioVersion = 10.0.40219.1
Project("{9A19103F-16F7-4668-BE54-9A1E7A4F7556}") = "SocketFlow", "SocketFlow\SocketFlow.csproj", "{871D5B9E-52BA-4088-A94E-2C18981F4400}"
EndProject
Project("{9A19103F-16F7-4668-BE54-9A1E7A4F7556}") = "Examples", "Examples\Examples.csproj", "{DE216E3A-D9D7-440A-8FB4-FFF06D8B6789}"
EndProject
Project("{9A19103F-16F7-4668-BE54-9A1E7A4F7556}") = "SocketFlow.Server", "SocketFlow.Server\SocketFlow.Server.csproj", "{F7B03858-5C07-40FD-A93E-E5B21C54E327}"
EndProject
Project("{9A19103F-16F7-4668-BE54-9A1E7A4F7556}") = "SocketFlow.Client", "SocketFlow.Client\SocketFlow.Client.csproj", "{B891EC11-7B2C-465A-B906-3EF76DF331F2}"
EndProject
Project("{FAE04EC0-301F-11D3-BF4B-00C04F79EFBC}") = "SocketFlow.Tests", "SocketFlow.Tests\SocketFlow.Tests.csproj", "{A5D143C7-C52C-4C05-8A07-9CEC9CCE8DD7}"
EndProject
Project("{FAE04EC0-301F-11D3-BF4B-00C04F79EFBC}") = "Tester", "Tester\Tester.csproj", "{6E1834D2-7E3E-4B73-91BB-6FED96E77B35}"
EndProject
Project("{FAE04EC0-301F-11D3-BF4B-00C04F79EFBC}") = "SocketFlow.AspNetCore", "SocketFlow.AspNetCore\SocketFlow.AspNetCore.csproj", "{04064846-F1E8-4580-99DB-A3618EE3480A}"
EndProject
Project("{FAE04EC0-301F-11D3-BF4B-00C04F79EFBC}") = "SocketFlow.Cli", "SocketFlow.Cli\SocketFlow.Cli.csproj", "{4C5A3342-0F2A-43DC-9641-C5AE12D809A8}"
EndProject
Global
	GlobalSection(SolutionConfigurationPlatforms) = preSolution
		Debug|Any CPU = Debug|Any CPU
		DebugClient|Any CPU = DebugClient|Any CPU
		Release|Any CPU = Release|Any CPU
	EndGlobalSection
	GlobalSection(ProjectConfigurationPlatforms) = postSolution
		{871D5B9E-52BA-4088-A94E-2C18981F4400}.Debug|Any CPU.ActiveCfg = Debug|Any CPU
		{871D5B9E-52BA-4088-A94E-2C18981F4400}.Debug|Any CPU.Build.0 = Debug|Any CPU
		{871D5B9E-52BA-4088-A94E-2C18981F4400}.DebugClient|Any CPU.ActiveCfg = DebugClient|Any CPU
		{871D5B9E-52BA-4088-A94E-2C18981F4400}.DebugClient|Any CPU.Build.0 = DebugClient|Any CPU
		{871D5B9E-52BA-4088-A94E-2C18981F4400}.Release|Any CPU.ActiveCfg = Release|Any CPU
		{871D5B9E-52BA-4088-A94E-2C18981F4400}.Release|Any CPU.Build.0 = Release|Any CPU
		{DE216E3A-D9D7-440A-8FB4-FFF06D8B6789}.Debug|Any CPU.ActiveCfg = Debug|Any CPU
		{DE216E3A-D9D7-440A-8FB4-FFF06D8B6789}.Debug|Any CPU.Build.0 = Debug|Any CPU
		{DE216E3A-D9D7-440A-8FB4-FFF06D8B6789}.DebugClient|Any CPU.ActiveCfg = DebugClient|Any CPU
		{DE216E3A-D9D7-440A-8FB4-FFF06D8B6789}.DebugClient|Any CPU.Build.0 = DebugClient|Any CPU
		{DE216E3A-D9D7-440A-8FB4-FFF06D8B6789}.Release|Any CPU.ActiveCfg = Release|Any CPU
		{DE216E3A-D9D7-440A-8FB4-FFF06D8B6789}.Release|Any CPU.Build.0 = Release|Any CPU
		{F7B03858-5C07-40FD-A93E-E5B21C54E327}.Debug|Any CPU.ActiveCfg = Debug|Any CPU
		{F7B03858-5C07-40FD-A93E-E5B21C54E327}.Debug|Any CPU.Build.0 = Debug|Any CPU
		{F7B03858-5C07-40FD-A93E-E5B21C54E327}.DebugClient|Any CPU.ActiveCfg = DebugClient|Any CPU
		{F7B03858-5C07-40FD-A93E-E5B21C54E327}.DebugClient|Any CPU.Build.0 = DebugClient|Any CPU
		{F7B03858-5C07-40FD-A93E-E5B21C54E327}.Release|Any CPU.ActiveCfg = Release|Any CPU
		{F7B03858-5C07-40FD-A93E-E5B21C54E327}.Release|Any CPU.Build.0 = Release|Any CPU
		{B891EC11-7B2C-465A-B906-3EF76DF331F2}.Debug|Any CPU.ActiveCfg = Debug|Any CPU
		{B891EC11-7B2C-465A-B906-3EF76DF331F2}.Debug|Any CPU.Build.0 = Debug|Any CPU
		{B891EC11-7B2C-465A-B906-3EF76DF331F2}.DebugClient|Any CPU.ActiveCfg = DebugClient|Any CPU
		{B891EC11-7B2C-465A-B906-3EF76DF331F2}.DebugClient|Any CPU.Build.0 = DebugClient|Any CPU
		{B891EC11-7B2C-465A-B906-3EF76DF331F2}.Release|Any CPU.ActiveCfg = Release|Any CPU
		{B891EC11-7B2C-465A-B906-3EF76DF331F2}.Release|Any CPU.Build.0 = Release|Any CPU
		{A5D143C7-C52C-4C05-8A07-9CEC9CCE8DD7}.Debug|Any CPU.ActiveCfg = Debug|Any CPU
		{A5D143C7-C52C-4C05-8A07-9CEC9CCE8DD7}.Debug|Any CPU.Build.0 = Debug|Any CPU
		{A5D143C7-C52C-4C05-8A07-9CEC9CCE8DD7}.DebugClient|Any CPU.ActiveCfg = Debug|Any CPU
		{A5D143C7-C52C-4C05-8A07-9CEC9CCE8DD7}.DebugClient|Any CPU.Build.0 = Debug|Any CPU
		{A5D143C7-C52C-4C05-8A07-9CEC9CCE8DD7}.Release|Any CPU.ActiveCfg = Release|Any CPU
		{A5D143C7-C52C-4C05-8A07-9CEC9CCE8DD7}.Release|Any CPU.Build.0 = Release|Any CPU
		{6E1834D2-7E3E-4B73-91BB-6FED96E77B35}.Debug|Any CPU.ActiveCfg = Debug|Any CPU
		{6E1834D2-7E3E-4B73-91BB-6FED96E77B35}.Debug|Any CPU.Build.0 = Debug|Any CPU
		{6E1834D2-7E3E-4B73-91BB-6FED96E77B35}.DebugClient|Any CPU.ActiveCfg = Debug|Any CPU
		{6E1834D2-7E3E-4B73-91BB-6FED96E77B35}.DebugClient|Any CPU.Build.0 = Debug|Any CPU
		{6E1834D2-7E3E-4B73-91BB-6FED96E77B35}.Release|Any CPU.ActiveCfg = Release|Any CPU
		{6E1834D2-7E3E-4B73-91BB-6FED96E77B35}.Release|Any CPU.Build.0 = Release|Any CPU
		{04064846-F1E8-4580-99DB-A3618EE3480A}.Debug|Any CPU.ActiveCfg = Debug|Any CPU
		{04064846-F1E8-4580-99DB-A3618EE3480A}.Debug|Any CPU.Build.0 = Debug|Any CPU
		{04064846-F1E8-4580-99DB-A3618EE3480A}.DebugClient|Any CPU.ActiveCfg = Debug|Any CPU
		{04064846-F1E8-4580-99DB-A3618EE3480A}.DebugClient|Any CPU.Build.0 = Debug|Any CPU
		{04064846-F1E8-4580-99DB-A3618EE3480A}.Release|Any CPU.ActiveCfg = Release|Any CPU
		{04064846-F1E8-4580-99DB-A3618EE3480A}.Release|Any CPU.Build.0 = Release|Any CPU
		{4C5A3342-0F2A-43DC-9641-C5AE12D809A8}.Debug|Any CPU.ActiveCfg = Debug|Any CPU
		{4C5A3342-0F2A-43DC-9641-C5AE12D809A8}.Debug|Any CPU.Build.0 = Debug|Any CPU
		{4C5A3342-0F2A-43DC-9641-C5AE12D809A8}.DebugClient|Any CPU.ActiveCfg = Debug|Any CPU
		{4C5A3342-0F2A-43DC-9641-C5AE12D809A8}.DebugClient|Any CPU.Build.0 = Debug|Any CPU
		{4C5A3342-0F2A-43DC-9641-C5AE12D809A8}.Release|Any CPU.ActiveCfg = Release|Any CPU
		{4C5A3342-0F2A-43DC-9641-C5AE12D809A8}.Release|Any CPU.Build.0 = Release|Any CPU
	EndGlobalSection
	GlobalSection(SolutionProperties) = preSolution
		HideSolutionNode = FALSE
	EndGlobalSection
	GlobalSection(ExtensibilityGlobals) = postSolution
		SolutionGuid = {2DCAC427-704A-42B9-9889-16044084294E}
	EndGlobalSection
EndGlobal
